
Microsoft Visual Studio Solution File, Format Version 12.00
# Visual Studio 15
VisualStudioVersion = 15.0.27130.2027
MinimumVisualStudioVersion = 10.0.40219.1
Project("{FAE04EC0-301F-11D3-BF4B-00C04F79EFBC}") = "HelloNetCore", "HelloNetCore\HelloNetCore.csproj", "{A2DDDF4F-BFED-434B-A3F1-EBB76004F83A}"
EndProject
Global
	GlobalSection(SolutionConfigurationPlatforms) = preSolution
		Debug|Any CPU = Debug|Any CPU
		Release|Any CPU = Release|Any CPU
	EndGlobalSection
	GlobalSection(ProjectConfigurationPlatforms) = postSolution
		{A2DDDF4F-BFED-434B-A3F1-EBB76004F83A}.Debug|Any CPU.ActiveCfg = Debug|Any CPU
		{A2DDDF4F-BFED-434B-A3F1-EBB76004F83A}.Debug|Any CPU.Build.0 = Debug|Any CPU
		{A2DDDF4F-BFED-434B-A3F1-EBB76004F83A}.Release|Any CPU.ActiveCfg = Release|Any CPU
		{A2DDDF4F-BFED-434B-A3F1-EBB76004F83A}.Release|Any CPU.Build.0 = Release|Any CPU
	EndGlobalSection
	GlobalSection(SolutionProperties) = preSolution
		HideSolutionNode = FALSE
	EndGlobalSection
	GlobalSection(ExtensibilityGlobals) = postSolution
		SolutionGuid = {6866C27F-D600-4E79-9FD0-D08B0003ABDE}
	EndGlobalSection
EndGlobal
